
Microsoft Visual Studio Solution File, Format Version 12.00
# Visual Studio 15
VisualStudioVersion = 15.0.26124.0
MinimumVisualStudioVersion = 15.0.26124.0
Project("{FAE04EC0-301F-11D3-BF4B-00C04F79EFBC}") = "LiquidGenerator.Cli", "LiquidGenerator.Cli\LiquidGenerator.Cli.csproj", "{DA46A3A8-618F-4A9A-9978-EDC71EB1596E}"
EndProject
Project("{FAE04EC0-301F-11D3-BF4B-00C04F79EFBC}") = "LiquidGenerator.Core", "LiquidGenerator.Core\LiquidGenerator.Core.csproj", "{04E073EC-402D-4E30-AC7F-386B8C3ECB61}"
EndProject
Global
	GlobalSection(SolutionConfigurationPlatforms) = preSolution
		Debug|Any CPU = Debug|Any CPU
		Debug|x64 = Debug|x64
		Debug|x86 = Debug|x86
		Release|Any CPU = Release|Any CPU
		Release|x64 = Release|x64
		Release|x86 = Release|x86
	EndGlobalSection
	GlobalSection(SolutionProperties) = preSolution
		HideSolutionNode = FALSE
	EndGlobalSection
	GlobalSection(ProjectConfigurationPlatforms) = postSolution
		{DA46A3A8-618F-4A9A-9978-EDC71EB1596E}.Debug|Any CPU.ActiveCfg = Debug|Any CPU
		{DA46A3A8-618F-4A9A-9978-EDC71EB1596E}.Debug|Any CPU.Build.0 = Debug|Any CPU
		{DA46A3A8-618F-4A9A-9978-EDC71EB1596E}.Debug|x64.ActiveCfg = Debug|Any CPU
		{DA46A3A8-618F-4A9A-9978-EDC71EB1596E}.Debug|x64.Build.0 = Debug|Any CPU
		{DA46A3A8-618F-4A9A-9978-EDC71EB1596E}.Debug|x86.ActiveCfg = Debug|Any CPU
		{DA46A3A8-618F-4A9A-9978-EDC71EB1596E}.Debug|x86.Build.0 = Debug|Any CPU
		{DA46A3A8-618F-4A9A-9978-EDC71EB1596E}.Release|Any CPU.ActiveCfg = Release|Any CPU
		{DA46A3A8-618F-4A9A-9978-EDC71EB1596E}.Release|Any CPU.Build.0 = Release|Any CPU
		{DA46A3A8-618F-4A9A-9978-EDC71EB1596E}.Release|x64.ActiveCfg = Release|Any CPU
		{DA46A3A8-618F-4A9A-9978-EDC71EB1596E}.Release|x64.Build.0 = Release|Any CPU
		{DA46A3A8-618F-4A9A-9978-EDC71EB1596E}.Release|x86.ActiveCfg = Release|Any CPU
		{DA46A3A8-618F-4A9A-9978-EDC71EB1596E}.Release|x86.Build.0 = Release|Any CPU
		{04E073EC-402D-4E30-AC7F-386B8C3ECB61}.Debug|Any CPU.ActiveCfg = Debug|Any CPU
		{04E073EC-402D-4E30-AC7F-386B8C3ECB61}.Debug|Any CPU.Build.0 = Debug|Any CPU
		{04E073EC-402D-4E30-AC7F-386B8C3ECB61}.Debug|x64.ActiveCfg = Debug|Any CPU
		{04E073EC-402D-4E30-AC7F-386B8C3ECB61}.Debug|x64.Build.0 = Debug|Any CPU
		{04E073EC-402D-4E30-AC7F-386B8C3ECB61}.Debug|x86.ActiveCfg = Debug|Any CPU
		{04E073EC-402D-4E30-AC7F-386B8C3ECB61}.Debug|x86.Build.0 = Debug|Any CPU
		{04E073EC-402D-4E30-AC7F-386B8C3ECB61}.Release|Any CPU.ActiveCfg = Release|Any CPU
		{04E073EC-402D-4E30-AC7F-386B8C3ECB61}.Release|Any CPU.Build.0 = Release|Any CPU
		{04E073EC-402D-4E30-AC7F-386B8C3ECB61}.Release|x64.ActiveCfg = Release|Any CPU
		{04E073EC-402D-4E30-AC7F-386B8C3ECB61}.Release|x64.Build.0 = Release|Any CPU
		{04E073EC-402D-4E30-AC7F-386B8C3ECB61}.Release|x86.ActiveCfg = Release|Any CPU
		{04E073EC-402D-4E30-AC7F-386B8C3ECB61}.Release|x86.Build.0 = Release|Any CPU
	EndGlobalSection
EndGlobal
